# This file is automatically @generated by Cargo.
# It is not intended for manual editing.
version = 4

[[package]]
name = "sentinel-ai"
version = "0.1.0"
dependencies = [
 "sentinel-core",
]

[[package]]
name = "sentinel-browser"
version = "0.1.0"
dependencies = [
 "sentinel-core",
]

[[package]]
name = "sentinel-cli"
version = "0.1.0"
dependencies = [
 "sentinel-ai",
 "sentinel-browser",
 "sentinel-core",
 "sentinel-store",
]

[[package]]
name = "sentinel-core"
version = "0.1.0"

[[package]]
name = "sentinel-store"
version = "0.1.0"
dependencies = [
 "sentinel-core",
]
